// !$*UTF8*$!
{
	archiveVersion = 1;
	classes = {
	};
	objectVersion = 55;
	objects = {

/* Begin PBXBuildFile section */
		2A048CB4280C270400866E56 /* ProTitleView.swift in Sources */ = {isa = PBXBuildFile; fileRef = 2A048CB3280C270400866E56 /* ProTitleView.swift */; };
		2A048CB6280C275500866E56 /* ButtonView.swift in Sources */ = {isa = PBXBuildFile; fileRef = 2A048CB5280C275500866E56 /* ButtonView.swift */; };
		2A048CBC280C356A00866E56 /* TutorialView.swift in Sources */ = {isa = PBXBuildFile; fileRef = 2A048CBB280C356A00866E56 /* TutorialView.swift */; };
		2A17A6AE28111AA4007AEE3B /* TextFieldView.swift in Sources */ = {isa = PBXBuildFile; fileRef = 2A17A6AD28111AA4007AEE3B /* TextFieldView.swift */; };
		2A23193D2806725200192216 /* ProView.swift in Sources */ = {isa = PBXBuildFile; fileRef = 2A23193C2806725200192216 /* ProView.swift */; };
		2A25372827ECB0D5003C8728 /* LaunchScreen.storyboard in Resources */ = {isa = PBXBuildFile; fileRef = 2A25372727ECB0D5003C8728 /* LaunchScreen.storyboard */; };
		2A27AB8D27F5BB0A004AF6F3 /* FirebaseAuth in Frameworks */ = {isa = PBXBuildFile; productRef = 2A27AB8C27F5BB0A004AF6F3 /* FirebaseAuth */; };
		2A27AB8F27F5BB0A004AF6F3 /* FirebaseFirestore in Frameworks */ = {isa = PBXBuildFile; productRef = 2A27AB8E27F5BB0A004AF6F3 /* FirebaseFirestore */; };
		2A3C7E6127FC2C9800B1E4EB /* Record.swift in Sources */ = {isa = PBXBuildFile; fileRef = 2A3C7E6027FC2C9800B1E4EB /* Record.swift */; };
		2A543DCB27F9C6FB0051665E /* Event.swift in Sources */ = {isa = PBXBuildFile; fileRef = 2A543DCA27F9C6FB0051665E /* Event.swift */; };
		2A543DCD27F9C7670051665E /* ViewModel.swift in Sources */ = {isa = PBXBuildFile; fileRef = 2A543DCC27F9C7670051665E /* ViewModel.swift */; };
		2A58E12727F26E1300121A4F /* RecordView.swift in Sources */ = {isa = PBXBuildFile; fileRef = 2A58E12627F26E1300121A4F /* RecordView.swift */; };
		2A5D524C2802704C00F0427D /* ThemeColorView.swift in Sources */ = {isa = PBXBuildFile; fileRef = 2A5D524B2802704C00F0427D /* ThemeColorView.swift */; };
		2A6213672845EE5A00282358 /* Window.swift in Sources */ = {isa = PBXBuildFile; fileRef = 2A6213662845EE5A00282358 /* Window.swift */; };
		2A6BD5032855BD5C005A33E7 /* FirebaseViewModel.swift in Sources */ = {isa = PBXBuildFile; fileRef = 2A6BD5022855BD5C005A33E7 /* FirebaseViewModel.swift */; };
		2A6F35FA2814F9D000885CE9 /* Email.swift in Sources */ = {isa = PBXBuildFile; fileRef = 2A6F35F92814F9D000885CE9 /* Email.swift */; };
		2A6F35FE2814FA3100885CE9 /* MailView.swift in Sources */ = {isa = PBXBuildFile; fileRef = 2A6F35FD2814FA3100885CE9 /* MailView.swift */; };
		2A6F3600281507B800885CE9 /* ChangeInfoView.swift in Sources */ = {isa = PBXBuildFile; fileRef = 2A6F35FF281507B800885CE9 /* ChangeInfoView.swift */; };
		2A6F36022815107800885CE9 /* ReauthenticateView.swift in Sources */ = {isa = PBXBuildFile; fileRef = 2A6F36012815107800885CE9 /* ReauthenticateView.swift */; };
		2A75278728121EE500A0961C /* SignInView.swift in Sources */ = {isa = PBXBuildFile; fileRef = 2A75278628121EE500A0961C /* SignInView.swift */; };
		2A75278E28123EDD00A0961C /* ResetPasswordView.swift in Sources */ = {isa = PBXBuildFile; fileRef = 2A75278D28123EDD00A0961C /* ResetPasswordView.swift */; };
		2A817F6327FBC55C00772B6C /* EditView.swift in Sources */ = {isa = PBXBuildFile; fileRef = 2A817F6227FBC55C00772B6C /* EditView.swift */; };
		2A96A78727F2BBD000A37A43 /* FormRowView.swift in Sources */ = {isa = PBXBuildFile; fileRef = 2A96A78627F2BBD000A37A43 /* FormRowView.swift */; };
		2A97B8D7282565E9002EC14D /* RevenueCat in Frameworks */ = {isa = PBXBuildFile; productRef = 2A97B8D6282565E9002EC14D /* RevenueCat */; };
		2A97B8DA28256A0F002EC14D /* StoreKit.framework in Frameworks */ = {isa = PBXBuildFile; fileRef = 2A97B8D928256A0F002EC14D /* StoreKit.framework */; };
		2AA3732F27EC507200A885B0 /* MuscleRecordApp.swift in Sources */ = {isa = PBXBuildFile; fileRef = 2AA3732E27EC507200A885B0 /* MuscleRecordApp.swift */; };
		2AA3733327EC507300A885B0 /* Assets.xcassets in Resources */ = {isa = PBXBuildFile; fileRef = 2AA3733227EC507300A885B0 /* Assets.xcassets */; };
		2AA3733627EC507300A885B0 /* Preview Assets.xcassets in Resources */ = {isa = PBXBuildFile; fileRef = 2AA3733527EC507300A885B0 /* Preview Assets.xcassets */; };
		2AACB82A280D0EB300ADCA84 /* TutorialImageView.swift in Sources */ = {isa = PBXBuildFile; fileRef = 2AACB829280D0EB300ADCA84 /* TutorialImageView.swift */; };
		2AACB82C280D0F0E00ADCA84 /* TutorialTextView.swift in Sources */ = {isa = PBXBuildFile; fileRef = 2AACB82B280D0F0E00ADCA84 /* TutorialTextView.swift */; };
		2AACB830280D2E7600ADCA84 /* TutorialCardView.swift in Sources */ = {isa = PBXBuildFile; fileRef = 2AACB82F280D2E7600ADCA84 /* TutorialCardView.swift */; };
		2AACB832280D3B8400ADCA84 /* SimpleNavigationView.swift in Sources */ = {isa = PBXBuildFile; fileRef = 2AACB831280D3B8400ADCA84 /* SimpleNavigationView.swift */; };
		2AACB838280D46B100ADCA84 /* GraphBodyView.swift in Sources */ = {isa = PBXBuildFile; fileRef = 2AACB837280D46B100ADCA84 /* GraphBodyView.swift */; };
		2AD3AC0B28065A7100DE6E00 /* IconView.swift in Sources */ = {isa = PBXBuildFile; fileRef = 2AD3AC0A28065A7100DE6E00 /* IconView.swift */; };
		2AD99F8527F3EF760007E152 /* AddView.swift in Sources */ = {isa = PBXBuildFile; fileRef = 2AD99F8427F3EF760007E152 /* AddView.swift */; };
		2ADDC0C527F5BE3E003C548B /* GoogleService-Info.plist in Resources */ = {isa = PBXBuildFile; fileRef = 2ADDC0C427F5BE3D003C548B /* GoogleService-Info.plist */; };
		2AE7CEED2854C057006344F4 /* PurchaseViewModel.swift in Sources */ = {isa = PBXBuildFile; fileRef = 2AE7CEEC2854C057006344F4 /* PurchaseViewModel.swift */; };
		2AEA33B4281108C900E968FB /* SignUpView.swift in Sources */ = {isa = PBXBuildFile; fileRef = 2AEA33B3281108C900E968FB /* SignUpView.swift */; };
		2AFDF1A427ED85F200A03ACE /* GraphView.swift in Sources */ = {isa = PBXBuildFile; fileRef = 2AFDF1A327ED85F200A03ACE /* GraphView.swift */; };
		2AFDF1A627ED861100A03ACE /* SettingView.swift in Sources */ = {isa = PBXBuildFile; fileRef = 2AFDF1A527ED861100A03ACE /* SettingView.swift */; };
		2AFDF1A827ED869500A03ACE /* HomeView.swift in Sources */ = {isa = PBXBuildFile; fileRef = 2AFDF1A727ED869500A03ACE /* HomeView.swift */; };
/* End PBXBuildFile section */

/* Begin PBXFileReference section */
		2A048CB3280C270400866E56 /* ProTitleView.swift */ = {isa = PBXFileReference; lastKnownFileType = sourcecode.swift; path = ProTitleView.swift; sourceTree = "<group>"; };
		2A048CB5280C275500866E56 /* ButtonView.swift */ = {isa = PBXFileReference; lastKnownFileType = sourcecode.swift; path = ButtonView.swift; sourceTree = "<group>"; };
		2A048CBB280C356A00866E56 /* TutorialView.swift */ = {isa = PBXFileReference; lastKnownFileType = sourcecode.swift; path = TutorialView.swift; sourceTree = "<group>"; };
		2A17A6AD28111AA4007AEE3B /* TextFieldView.swift */ = {isa = PBXFileReference; lastKnownFileType = sourcecode.swift; path = TextFieldView.swift; sourceTree = "<group>"; };
		2A23193C2806725200192216 /* ProView.swift */ = {isa = PBXFileReference; lastKnownFileType = sourcecode.swift; path = ProView.swift; sourceTree = "<group>"; };
		2A25372627ECAE52003C8728 /* Info.plist */ = {isa = PBXFileReference; lastKnownFileType = text.plist; path = Info.plist; sourceTree = "<group>"; };
		2A25372727ECB0D5003C8728 /* LaunchScreen.storyboard */ = {isa = PBXFileReference; lastKnownFileType = file.storyboard; path = LaunchScreen.storyboard; sourceTree = "<group>"; };
		2A3C7E6027FC2C9800B1E4EB /* Record.swift */ = {isa = PBXFileReference; lastKnownFileType = sourcecode.swift; path = Record.swift; sourceTree = "<group>"; };
		2A543DCA27F9C6FB0051665E /* Event.swift */ = {isa = PBXFileReference; lastKnownFileType = sourcecode.swift; path = Event.swift; sourceTree = "<group>"; };
		2A543DCC27F9C7670051665E /* ViewModel.swift */ = {isa = PBXFileReference; lastKnownFileType = sourcecode.swift; path = ViewModel.swift; sourceTree = "<group>"; };
		2A58E12627F26E1300121A4F /* RecordView.swift */ = {isa = PBXFileReference; lastKnownFileType = sourcecode.swift; path = RecordView.swift; sourceTree = "<group>"; };
		2A5D524B2802704C00F0427D /* ThemeColorView.swift */ = {isa = PBXFileReference; lastKnownFileType = sourcecode.swift; path = ThemeColorView.swift; sourceTree = "<group>"; };
		2A6213662845EE5A00282358 /* Window.swift */ = {isa = PBXFileReference; lastKnownFileType = sourcecode.swift; path = Window.swift; sourceTree = "<group>"; };
		2A6BD5022855BD5C005A33E7 /* FirebaseViewModel.swift */ = {isa = PBXFileReference; lastKnownFileType = sourcecode.swift; path = FirebaseViewModel.swift; sourceTree = "<group>"; };
		2A6F35F92814F9D000885CE9 /* Email.swift */ = {isa = PBXFileReference; lastKnownFileType = sourcecode.swift; path = Email.swift; sourceTree = "<group>"; };
		2A6F35FD2814FA3100885CE9 /* MailView.swift */ = {isa = PBXFileReference; lastKnownFileType = sourcecode.swift; path = MailView.swift; sourceTree = "<group>"; };
		2A6F35FF281507B800885CE9 /* ChangeInfoView.swift */ = {isa = PBXFileReference; lastKnownFileType = sourcecode.swift; path = ChangeInfoView.swift; sourceTree = "<group>"; };
		2A6F36012815107800885CE9 /* ReauthenticateView.swift */ = {isa = PBXFileReference; lastKnownFileType = sourcecode.swift; path = ReauthenticateView.swift; sourceTree = "<group>"; };
		2A75278628121EE500A0961C /* SignInView.swift */ = {isa = PBXFileReference; lastKnownFileType = sourcecode.swift; path = SignInView.swift; sourceTree = "<group>"; };
		2A75278D28123EDD00A0961C /* ResetPasswordView.swift */ = {isa = PBXFileReference; lastKnownFileType = sourcecode.swift; path = ResetPasswordView.swift; sourceTree = "<group>"; };
		2A7EFA90282B8CE1000C1891 /* MuscleRecord.entitlements */ = {isa = PBXFileReference; lastKnownFileType = text.plist.entitlements; path = MuscleRecord.entitlements; sourceTree = "<group>"; };
		2A817F6227FBC55C00772B6C /* EditView.swift */ = {isa = PBXFileReference; lastKnownFileType = sourcecode.swift; path = EditView.swift; sourceTree = "<group>"; };
		2A96A78627F2BBD000A37A43 /* FormRowView.swift */ = {isa = PBXFileReference; lastKnownFileType = sourcecode.swift; path = FormRowView.swift; sourceTree = "<group>"; };
		2A97B8D928256A0F002EC14D /* StoreKit.framework */ = {isa = PBXFileReference; lastKnownFileType = wrapper.framework; name = StoreKit.framework; path = System/Library/Frameworks/StoreKit.framework; sourceTree = SDKROOT; };
		2AA3732B27EC507200A885B0 /* Muscle Record.app */ = {isa = PBXFileReference; explicitFileType = wrapper.application; includeInIndex = 0; path = "Muscle Record.app"; sourceTree = BUILT_PRODUCTS_DIR; };
		2AA3732E27EC507200A885B0 /* MuscleRecordApp.swift */ = {isa = PBXFileReference; lastKnownFileType = sourcecode.swift; path = MuscleRecordApp.swift; sourceTree = "<group>"; };
		2AA3733227EC507300A885B0 /* Assets.xcassets */ = {isa = PBXFileReference; lastKnownFileType = folder.assetcatalog; path = Assets.xcassets; sourceTree = "<group>"; };
		2AA3733527EC507300A885B0 /* Preview Assets.xcassets */ = {isa = PBXFileReference; lastKnownFileType = folder.assetcatalog; path = "Preview Assets.xcassets"; sourceTree = "<group>"; };
		2AACB829280D0EB300ADCA84 /* TutorialImageView.swift */ = {isa = PBXFileReference; lastKnownFileType = sourcecode.swift; path = TutorialImageView.swift; sourceTree = "<group>"; };
		2AACB82B280D0F0E00ADCA84 /* TutorialTextView.swift */ = {isa = PBXFileReference; lastKnownFileType = sourcecode.swift; path = TutorialTextView.swift; sourceTree = "<group>"; };
		2AACB82F280D2E7600ADCA84 /* TutorialCardView.swift */ = {isa = PBXFileReference; lastKnownFileType = sourcecode.swift; path = TutorialCardView.swift; sourceTree = "<group>"; };
		2AACB831280D3B8400ADCA84 /* SimpleNavigationView.swift */ = {isa = PBXFileReference; lastKnownFileType = sourcecode.swift; path = SimpleNavigationView.swift; sourceTree = "<group>"; };
		2AACB837280D46B100ADCA84 /* GraphBodyView.swift */ = {isa = PBXFileReference; lastKnownFileType = sourcecode.swift; path = GraphBodyView.swift; sourceTree = "<group>"; };
		2AD3AC0A28065A7100DE6E00 /* IconView.swift */ = {isa = PBXFileReference; lastKnownFileType = sourcecode.swift; path = IconView.swift; sourceTree = "<group>"; };
		2AD99F8427F3EF760007E152 /* AddView.swift */ = {isa = PBXFileReference; lastKnownFileType = sourcecode.swift; path = AddView.swift; sourceTree = "<group>"; };
		2ADDC0C427F5BE3D003C548B /* GoogleService-Info.plist */ = {isa = PBXFileReference; fileEncoding = 4; lastKnownFileType = text.plist.xml; path = "GoogleService-Info.plist"; sourceTree = "<group>"; };
		2AE7CEEC2854C057006344F4 /* PurchaseViewModel.swift */ = {isa = PBXFileReference; lastKnownFileType = sourcecode.swift; path = PurchaseViewModel.swift; sourceTree = "<group>"; };
		2AEA33B3281108C900E968FB /* SignUpView.swift */ = {isa = PBXFileReference; lastKnownFileType = sourcecode.swift; path = SignUpView.swift; sourceTree = "<group>"; };
		2AFDF1A327ED85F200A03ACE /* GraphView.swift */ = {isa = PBXFileReference; lastKnownFileType = sourcecode.swift; path = GraphView.swift; sourceTree = "<group>"; };
		2AFDF1A527ED861100A03ACE /* SettingView.swift */ = {isa = PBXFileReference; lastKnownFileType = sourcecode.swift; path = SettingView.swift; sourceTree = "<group>"; };
		2AFDF1A727ED869500A03ACE /* HomeView.swift */ = {isa = PBXFileReference; lastKnownFileType = sourcecode.swift; path = HomeView.swift; sourceTree = "<group>"; };
/* End PBXFileReference section */

/* Begin PBXFrameworksBuildPhase section */
		2AA3732827EC507200A885B0 /* Frameworks */ = {
			isa = PBXFrameworksBuildPhase;
			buildActionMask = 2147483647;
			files = (
				2A27AB8D27F5BB0A004AF6F3 /* FirebaseAuth in Frameworks */,
				2A27AB8F27F5BB0A004AF6F3 /* FirebaseFirestore in Frameworks */,
				2A97B8D7282565E9002EC14D /* RevenueCat in Frameworks */,
				2A97B8DA28256A0F002EC14D /* StoreKit.framework in Frameworks */,
			);
			runOnlyForDeploymentPostprocessing = 0;
		};
/* End PBXFrameworksBuildPhase section */

/* Begin PBXGroup section */
		2A57660C280E335F0079DB82 /* Model */ = {
			isa = PBXGroup;
			children = (
				2A6F35F92814F9D000885CE9 /* Email.swift */,
				2A543DCA27F9C6FB0051665E /* Event.swift */,
				2A3C7E6027FC2C9800B1E4EB /* Record.swift */,
				2A6213662845EE5A00282358 /* Window.swift */,
			);
			path = Model;
			sourceTree = "<group>";
		};
		2A57660D280E33690079DB82 /* View */ = {
			isa = PBXGroup;
			children = (
				2AD99F8427F3EF760007E152 /* AddView.swift */,
				2A817F6227FBC55C00772B6C /* EditView.swift */,
				2A23193C2806725200192216 /* ProView.swift */,
				2AD3AC0A28065A7100DE6E00 /* IconView.swift */,
				2AFDF1A727ED869500A03ACE /* HomeView.swift */,
				2A75278628121EE500A0961C /* SignInView.swift */,
				2AFDF1A327ED85F200A03ACE /* GraphView.swift */,
				2A58E12627F26E1300121A4F /* RecordView.swift */,
				2AEA33B3281108C900E968FB /* SignUpView.swift */,
				2AFDF1A527ED861100A03ACE /* SettingView.swift */,
				2A048CBB280C356A00866E56 /* TutorialView.swift */,
				2A6F35FF281507B800885CE9 /* ChangeInfoView.swift */,
				2A5D524B2802704C00F0427D /* ThemeColorView.swift */,
				2A6F36012815107800885CE9 /* ReauthenticateView.swift */,
				2A75278D28123EDD00A0961C /* ResetPasswordView.swift */,
				2AF65EF12846439900A6BE42 /* Components */,
			);
			path = View;
			sourceTree = "<group>";
		};
		2A57660E280E337C0079DB82 /* ViewModel */ = {
			isa = PBXGroup;
			children = (
				2A543DCC27F9C7670051665E /* ViewModel.swift */,
				2A6BD5022855BD5C005A33E7 /* FirebaseViewModel.swift */,
				2AE7CEEC2854C057006344F4 /* PurchaseViewModel.swift */,
			);
			path = ViewModel;
			sourceTree = "<group>";
		};
		2A97B8D828256A0F002EC14D /* Frameworks */ = {
			isa = PBXGroup;
			children = (
				2A97B8D928256A0F002EC14D /* StoreKit.framework */,
			);
			name = Frameworks;
			sourceTree = "<group>";
		};
		2AA3732227EC507200A885B0 = {
			isa = PBXGroup;
			children = (
				2AA3732D27EC507200A885B0 /* MuscleRecord */,
				2AA3732C27EC507200A885B0 /* Products */,
				2A97B8D828256A0F002EC14D /* Frameworks */,
			);
			sourceTree = "<group>";
		};
		2AA3732C27EC507200A885B0 /* Products */ = {
			isa = PBXGroup;
			children = (
				2AA3732B27EC507200A885B0 /* Muscle Record.app */,
			);
			name = Products;
			sourceTree = "<group>";
		};
		2AA3732D27EC507200A885B0 /* MuscleRecord */ = {
			isa = PBXGroup;
			children = (
				2A7EFA90282B8CE1000C1891 /* MuscleRecord.entitlements */,
				2A25372627ECAE52003C8728 /* Info.plist */,
				2ADDC0C427F5BE3D003C548B /* GoogleService-Info.plist */,
				2AA3732E27EC507200A885B0 /* MuscleRecordApp.swift */,
				2A57660C280E335F0079DB82 /* Model */,
				2A57660D280E33690079DB82 /* View */,
				2A57660E280E337C0079DB82 /* ViewModel */,
				2AA3733227EC507300A885B0 /* Assets.xcassets */,
				2A25372727ECB0D5003C8728 /* LaunchScreen.storyboard */,
				2AA3733427EC507300A885B0 /* Preview Content */,
			);
			path = MuscleRecord;
			sourceTree = "<group>";
		};
		2AA3733427EC507300A885B0 /* Preview Content */ = {
			isa = PBXGroup;
			children = (
				2AA3733527EC507300A885B0 /* Preview Assets.xcassets */,
			);
			path = "Preview Content";
			sourceTree = "<group>";
		};
		2AF65EF12846439900A6BE42 /* Components */ = {
			isa = PBXGroup;
			children = (
				2A6F35FD2814FA3100885CE9 /* MailView.swift */,
				2A048CB5280C275500866E56 /* ButtonView.swift */,
				2A048CB3280C270400866E56 /* ProTitleView.swift */,
				2A17A6AD28111AA4007AEE3B /* TextFieldView.swift */,
				2A96A78627F2BBD000A37A43 /* FormRowView.swift */,
				2AACB837280D46B100ADCA84 /* GraphBodyView.swift */,
				2AACB82B280D0F0E00ADCA84 /* TutorialTextView.swift */,
				2AACB82F280D2E7600ADCA84 /* TutorialCardView.swift */,
				2AACB829280D0EB300ADCA84 /* TutorialImageView.swift */,
				2AACB831280D3B8400ADCA84 /* SimpleNavigationView.swift */,
			);
			path = Components;
			sourceTree = "<group>";
		};
/* End PBXGroup section */

/* Begin PBXNativeTarget section */
		2AA3732A27EC507200A885B0 /* MuscleRecord */ = {
			isa = PBXNativeTarget;
			buildConfigurationList = 2AA3733927EC507300A885B0 /* Build configuration list for PBXNativeTarget "MuscleRecord" */;
			buildPhases = (
				2AA3732727EC507200A885B0 /* Sources */,
				2AA3732827EC507200A885B0 /* Frameworks */,
				2AA3732927EC507200A885B0 /* Resources */,
			);
			buildRules = (
			);
			dependencies = (
			);
			name = MuscleRecord;
			packageProductDependencies = (
				2A27AB8C27F5BB0A004AF6F3 /* FirebaseAuth */,
				2A27AB8E27F5BB0A004AF6F3 /* FirebaseFirestore */,
				2A97B8D6282565E9002EC14D /* RevenueCat */,
			);
			productName = MuscleRecord;
			productReference = 2AA3732B27EC507200A885B0 /* Muscle Record.app */;
			productType = "com.apple.product-type.application";
		};
/* End PBXNativeTarget section */

/* Begin PBXProject section */
		2AA3732327EC507200A885B0 /* Project object */ = {
			isa = PBXProject;
			attributes = {
				BuildIndependentTargetsInParallel = 1;
				LastSwiftUpdateCheck = 1330;
				LastUpgradeCheck = 1330;
				TargetAttributes = {
					2AA3732A27EC507200A885B0 = {
						CreatedOnToolsVersion = 13.3;
					};
				};
			};
			buildConfigurationList = 2AA3732627EC507200A885B0 /* Build configuration list for PBXProject "MuscleRecord" */;
			compatibilityVersion = "Xcode 13.0";
			developmentRegion = en;
			hasScannedForEncodings = 0;
			knownRegions = (
				en,
				Base,
			);
			mainGroup = 2AA3732227EC507200A885B0;
			packageReferences = (
				2A27AB8B27F5BB0A004AF6F3 /* XCRemoteSwiftPackageReference "firebase-ios-sdk" */,
				2A97B8D5282565E8002EC14D /* XCRemoteSwiftPackageReference "purchases-ios" */,
			);
			productRefGroup = 2AA3732C27EC507200A885B0 /* Products */;
			projectDirPath = "";
			projectRoot = "";
			targets = (
				2AA3732A27EC507200A885B0 /* MuscleRecord */,
			);
		};
/* End PBXProject section */

/* Begin PBXResourcesBuildPhase section */
		2AA3732927EC507200A885B0 /* Resources */ = {
			isa = PBXResourcesBuildPhase;
			buildActionMask = 2147483647;
			files = (
				2A25372827ECB0D5003C8728 /* LaunchScreen.storyboard in Resources */,
				2ADDC0C527F5BE3E003C548B /* GoogleService-Info.plist in Resources */,
				2AA3733627EC507300A885B0 /* Preview Assets.xcassets in Resources */,
				2AA3733327EC507300A885B0 /* Assets.xcassets in Resources */,
			);
			runOnlyForDeploymentPostprocessing = 0;
		};
/* End PBXResourcesBuildPhase section */

/* Begin PBXSourcesBuildPhase section */
		2AA3732727EC507200A885B0 /* Sources */ = {
			isa = PBXSourcesBuildPhase;
			buildActionMask = 2147483647;
			files = (
				2A5D524C2802704C00F0427D /* ThemeColorView.swift in Sources */,
				2A6F3600281507B800885CE9 /* ChangeInfoView.swift in Sources */,
				2AD3AC0B28065A7100DE6E00 /* IconView.swift in Sources */,
				2AACB82C280D0F0E00ADCA84 /* TutorialTextView.swift in Sources */,
				2A6F36022815107800885CE9 /* ReauthenticateView.swift in Sources */,
				2A23193D2806725200192216 /* ProView.swift in Sources */,
				2A6F35FE2814FA3100885CE9 /* MailView.swift in Sources */,
				2A543DCB27F9C6FB0051665E /* Event.swift in Sources */,
				2A048CB6280C275500866E56 /* ButtonView.swift in Sources */,
				2A817F6327FBC55C00772B6C /* EditView.swift in Sources */,
				2AACB832280D3B8400ADCA84 /* SimpleNavigationView.swift in Sources */,
				2A17A6AE28111AA4007AEE3B /* TextFieldView.swift in Sources */,
				2AACB830280D2E7600ADCA84 /* TutorialCardView.swift in Sources */,
				2A58E12727F26E1300121A4F /* RecordView.swift in Sources */,
				2AEA33B4281108C900E968FB /* SignUpView.swift in Sources */,
				2A543DCD27F9C7670051665E /* ViewModel.swift in Sources */,
				2AD99F8527F3EF760007E152 /* AddView.swift in Sources */,
				2AFDF1A827ED869500A03ACE /* HomeView.swift in Sources */,
				2A6BD5032855BD5C005A33E7 /* FirebaseViewModel.swift in Sources */,
				2A3C7E6127FC2C9800B1E4EB /* Record.swift in Sources */,
				2A048CBC280C356A00866E56 /* TutorialView.swift in Sources */,
				2A6F35FA2814F9D000885CE9 /* Email.swift in Sources */,
				2A96A78727F2BBD000A37A43 /* FormRowView.swift in Sources */,
				2A048CB4280C270400866E56 /* ProTitleView.swift in Sources */,
				2AACB82A280D0EB300ADCA84 /* TutorialImageView.swift in Sources */,
				2A75278728121EE500A0961C /* SignInView.swift in Sources */,
				2AE7CEED2854C057006344F4 /* PurchaseViewModel.swift in Sources */,
				2AFDF1A627ED861100A03ACE /* SettingView.swift in Sources */,
				2AA3732F27EC507200A885B0 /* MuscleRecordApp.swift in Sources */,
				2A75278E28123EDD00A0961C /* ResetPasswordView.swift in Sources */,
				2AFDF1A427ED85F200A03ACE /* GraphView.swift in Sources */,
				2AACB838280D46B100ADCA84 /* GraphBodyView.swift in Sources */,
				2A6213672845EE5A00282358 /* Window.swift in Sources */,
			);
			runOnlyForDeploymentPostprocessing = 0;
		};
/* End PBXSourcesBuildPhase section */

/* Begin XCBuildConfiguration section */
		2AA3733727EC507300A885B0 /* Debug */ = {
			isa = XCBuildConfiguration;
			buildSettings = {
				ALWAYS_SEARCH_USER_PATHS = NO;
				CLANG_ANALYZER_NONNULL = YES;
				CLANG_ANALYZER_NUMBER_OBJECT_CONVERSION = YES_AGGRESSIVE;
				CLANG_CXX_LANGUAGE_STANDARD = "gnu++17";
				CLANG_ENABLE_MODULES = YES;
				CLANG_ENABLE_OBJC_ARC = YES;
				CLANG_ENABLE_OBJC_WEAK = YES;
				CLANG_WARN_BLOCK_CAPTURE_AUTORELEASING = YES;
				CLANG_WARN_BOOL_CONVERSION = YES;
				CLANG_WARN_COMMA = YES;
				CLANG_WARN_CONSTANT_CONVERSION = YES;
				CLANG_WARN_DEPRECATED_OBJC_IMPLEMENTATIONS = YES;
				CLANG_WARN_DIRECT_OBJC_ISA_USAGE = YES_ERROR;
				CLANG_WARN_DOCUMENTATION_COMMENTS = YES;
				CLANG_WARN_EMPTY_BODY = YES;
				CLANG_WARN_ENUM_CONVERSION = YES;
				CLANG_WARN_INFINITE_RECURSION = YES;
				CLANG_WARN_INT_CONVERSION = YES;
				CLANG_WARN_NON_LITERAL_NULL_CONVERSION = YES;
				CLANG_WARN_OBJC_IMPLICIT_RETAIN_SELF = YES;
				CLANG_WARN_OBJC_LITERAL_CONVERSION = YES;
				CLANG_WARN_OBJC_ROOT_CLASS = YES_ERROR;
				CLANG_WARN_QUOTED_INCLUDE_IN_FRAMEWORK_HEADER = YES;
				CLANG_WARN_RANGE_LOOP_ANALYSIS = YES;
				CLANG_WARN_STRICT_PROTOTYPES = YES;
				CLANG_WARN_SUSPICIOUS_MOVE = YES;
				CLANG_WARN_UNGUARDED_AVAILABILITY = YES_AGGRESSIVE;
				CLANG_WARN_UNREACHABLE_CODE = YES;
				CLANG_WARN__DUPLICATE_METHOD_MATCH = YES;
				COPY_PHASE_STRIP = NO;
				DEBUG_INFORMATION_FORMAT = dwarf;
				ENABLE_STRICT_OBJC_MSGSEND = YES;
				ENABLE_TESTABILITY = YES;
				GCC_C_LANGUAGE_STANDARD = gnu11;
				GCC_DYNAMIC_NO_PIC = NO;
				GCC_NO_COMMON_BLOCKS = YES;
				GCC_OPTIMIZATION_LEVEL = 0;
				GCC_PREPROCESSOR_DEFINITIONS = (
					"DEBUG=1",
					"$(inherited)",
				);
				GCC_WARN_64_TO_32_BIT_CONVERSION = YES;
				GCC_WARN_ABOUT_RETURN_TYPE = YES_ERROR;
				GCC_WARN_UNDECLARED_SELECTOR = YES;
				GCC_WARN_UNINITIALIZED_AUTOS = YES_AGGRESSIVE;
				GCC_WARN_UNUSED_FUNCTION = YES;
				GCC_WARN_UNUSED_VARIABLE = YES;
				IPHONEOS_DEPLOYMENT_TARGET = 15.0;
				MTL_ENABLE_DEBUG_INFO = INCLUDE_SOURCE;
				MTL_FAST_MATH = YES;
				ONLY_ACTIVE_ARCH = YES;
				SDKROOT = iphoneos;
				SWIFT_ACTIVE_COMPILATION_CONDITIONS = DEBUG;
				SWIFT_OPTIMIZATION_LEVEL = "-Onone";
			};
			name = Debug;
		};
		2AA3733827EC507300A885B0 /* Release */ = {
			isa = XCBuildConfiguration;
			buildSettings = {
				ALWAYS_SEARCH_USER_PATHS = NO;
				CLANG_ANALYZER_NONNULL = YES;
				CLANG_ANALYZER_NUMBER_OBJECT_CONVERSION = YES_AGGRESSIVE;
				CLANG_CXX_LANGUAGE_STANDARD = "gnu++17";
				CLANG_ENABLE_MODULES = YES;
				CLANG_ENABLE_OBJC_ARC = YES;
				CLANG_ENABLE_OBJC_WEAK = YES;
				CLANG_WARN_BLOCK_CAPTURE_AUTORELEASING = YES;
				CLANG_WARN_BOOL_CONVERSION = YES;
				CLANG_WARN_COMMA = YES;
				CLANG_WARN_CONSTANT_CONVERSION = YES;
				CLANG_WARN_DEPRECATED_OBJC_IMPLEMENTATIONS = YES;
				CLANG_WARN_DIRECT_OBJC_ISA_USAGE = YES_ERROR;
				CLANG_WARN_DOCUMENTATION_COMMENTS = YES;
				CLANG_WARN_EMPTY_BODY = YES;
				CLANG_WARN_ENUM_CONVERSION = YES;
				CLANG_WARN_INFINITE_RECURSION = YES;
				CLANG_WARN_INT_CONVERSION = YES;
				CLANG_WARN_NON_LITERAL_NULL_CONVERSION = YES;
				CLANG_WARN_OBJC_IMPLICIT_RETAIN_SELF = YES;
				CLANG_WARN_OBJC_LITERAL_CONVERSION = YES;
				CLANG_WARN_OBJC_ROOT_CLASS = YES_ERROR;
				CLANG_WARN_QUOTED_INCLUDE_IN_FRAMEWORK_HEADER = YES;
				CLANG_WARN_RANGE_LOOP_ANALYSIS = YES;
				CLANG_WARN_STRICT_PROTOTYPES = YES;
				CLANG_WARN_SUSPICIOUS_MOVE = YES;
				CLANG_WARN_UNGUARDED_AVAILABILITY = YES_AGGRESSIVE;
				CLANG_WARN_UNREACHABLE_CODE = YES;
				CLANG_WARN__DUPLICATE_METHOD_MATCH = YES;
				COPY_PHASE_STRIP = NO;
				DEBUG_INFORMATION_FORMAT = "dwarf-with-dsym";
				ENABLE_NS_ASSERTIONS = NO;
				ENABLE_STRICT_OBJC_MSGSEND = YES;
				GCC_C_LANGUAGE_STANDARD = gnu11;
				GCC_NO_COMMON_BLOCKS = YES;
				GCC_WARN_64_TO_32_BIT_CONVERSION = YES;
				GCC_WARN_ABOUT_RETURN_TYPE = YES_ERROR;
				GCC_WARN_UNDECLARED_SELECTOR = YES;
				GCC_WARN_UNINITIALIZED_AUTOS = YES_AGGRESSIVE;
				GCC_WARN_UNUSED_FUNCTION = YES;
				GCC_WARN_UNUSED_VARIABLE = YES;
				IPHONEOS_DEPLOYMENT_TARGET = 15.0;
				MTL_ENABLE_DEBUG_INFO = NO;
				MTL_FAST_MATH = YES;
				SDKROOT = iphoneos;
				SWIFT_COMPILATION_MODE = wholemodule;
				SWIFT_OPTIMIZATION_LEVEL = "-O";
				VALIDATE_PRODUCT = YES;
			};
			name = Release;
		};
		2AA3733A27EC507300A885B0 /* Debug */ = {
			isa = XCBuildConfiguration;
			buildSettings = {
				ASSETCATALOG_COMPILER_ALTERNATE_APPICON_NAMES = "AppIcon2 AppIcon1";
				ASSETCATALOG_COMPILER_APPICON_NAME = AppIcon;
				ASSETCATALOG_COMPILER_GLOBAL_ACCENT_COLOR_NAME = AccentColor;
				ASSETCATALOG_COMPILER_INCLUDE_ALL_APPICON_ASSETS = YES;
				CODE_SIGN_ENTITLEMENTS = MuscleRecord/MuscleRecord.entitlements;
				CODE_SIGN_STYLE = Automatic;
				CURRENT_PROJECT_VERSION = 1.1;
				DEVELOPMENT_ASSET_PATHS = "\"MuscleRecord/Preview Content\"";
				DEVELOPMENT_TEAM = 4WXTDSDQPZ;
				ENABLE_PREVIEWS = YES;
				GENERATE_INFOPLIST_FILE = YES;
				INFOPLIST_FILE = MuscleRecord/Info.plist;
				INFOPLIST_KEY_CFBundleDisplayName = "筋トレ記録";
				INFOPLIST_KEY_LSApplicationCategoryType = "public.app-category.utilities";
				INFOPLIST_KEY_UIApplicationSceneManifest_Generation = YES;
				INFOPLIST_KEY_UIApplicationSupportsIndirectInputEvents = YES;
				INFOPLIST_KEY_UILaunchStoryboardName = LaunchScreen;
				INFOPLIST_KEY_UIStatusBarHidden = NO;
				INFOPLIST_KEY_UISupportedInterfaceOrientations = UIInterfaceOrientationPortrait;
				INFOPLIST_KEY_UISupportedInterfaceOrientations_iPad = "UIInterfaceOrientationPortrait UIInterfaceOrientationPortraitUpsideDown UIInterfaceOrientationLandscapeLeft UIInterfaceOrientationLandscapeRight";
				INFOPLIST_KEY_UISupportedInterfaceOrientations_iPhone = UIInterfaceOrientationPortrait;
				LD_RUNPATH_SEARCH_PATHS = (
					"$(inherited)",
					"@executable_path/Frameworks",
				);
				MARKETING_VERSION = 1;
				PRODUCT_BUNDLE_IDENTIFIER = "com.yazujumusa.muscle-record";
				PRODUCT_NAME = "Muscle Record";
				SUPPORTS_MACCATALYST = NO;
				SWIFT_EMIT_LOC_STRINGS = YES;
				SWIFT_VERSION = 5.0;
				TARGETED_DEVICE_FAMILY = 1;
			};
			name = Debug;
		};
		2AA3733B27EC507300A885B0 /* Release */ = {
			isa = XCBuildConfiguration;
			buildSettings = {
				ASSETCATALOG_COMPILER_ALTERNATE_APPICON_NAMES = "AppIcon2 AppIcon1";
				ASSETCATALOG_COMPILER_APPICON_NAME = AppIcon;
				ASSETCATALOG_COMPILER_GLOBAL_ACCENT_COLOR_NAME = AccentColor;
				ASSETCATALOG_COMPILER_INCLUDE_ALL_APPICON_ASSETS = YES;
				CODE_SIGN_ENTITLEMENTS = MuscleRecord/MuscleRecord.entitlements;
				CODE_SIGN_STYLE = Automatic;
				CURRENT_PROJECT_VERSION = 1.1;
				DEVELOPMENT_ASSET_PATHS = "\"MuscleRecord/Preview Content\"";
				DEVELOPMENT_TEAM = 4WXTDSDQPZ;
				ENABLE_PREVIEWS = YES;
				GENERATE_INFOPLIST_FILE = YES;
				INFOPLIST_FILE = MuscleRecord/Info.plist;
				INFOPLIST_KEY_CFBundleDisplayName = "筋トレ記録";
				INFOPLIST_KEY_LSApplicationCategoryType = "public.app-category.utilities";
				INFOPLIST_KEY_UIApplicationSceneManifest_Generation = YES;
				INFOPLIST_KEY_UIApplicationSupportsIndirectInputEvents = YES;
				INFOPLIST_KEY_UILaunchStoryboardName = LaunchScreen;
				INFOPLIST_KEY_UIStatusBarHidden = NO;
				INFOPLIST_KEY_UISupportedInterfaceOrientations = UIInterfaceOrientationPortrait;
				INFOPLIST_KEY_UISupportedInterfaceOrientations_iPad = "UIInterfaceOrientationPortrait UIInterfaceOrientationPortraitUpsideDown UIInterfaceOrientationLandscapeLeft UIInterfaceOrientationLandscapeRight";
				INFOPLIST_KEY_UISupportedInterfaceOrientations_iPhone = UIInterfaceOrientationPortrait;
				LD_RUNPATH_SEARCH_PATHS = (
					"$(inherited)",
					"@executable_path/Frameworks",
				);
				MARKETING_VERSION = 1;
				PRODUCT_BUNDLE_IDENTIFIER = "com.yazujumusa.muscle-record";
				PRODUCT_NAME = "Muscle Record";
				SUPPORTS_MACCATALYST = NO;
				SWIFT_EMIT_LOC_STRINGS = YES;
				SWIFT_VERSION = 5.0;
				TARGETED_DEVICE_FAMILY = 1;
			};
			name = Release;
		};
/* End XCBuildConfiguration section */

/* Begin XCConfigurationList section */
		2AA3732627EC507200A885B0 /* Build configuration list for PBXProject "MuscleRecord" */ = {
			isa = XCConfigurationList;
			buildConfigurations = (
				2AA3733727EC507300A885B0 /* Debug */,
				2AA3733827EC507300A885B0 /* Release */,
			);
			defaultConfigurationIsVisible = 0;
			defaultConfigurationName = Release;
		};
		2AA3733927EC507300A885B0 /* Build configuration list for PBXNativeTarget "MuscleRecord" */ = {
			isa = XCConfigurationList;
			buildConfigurations = (
				2AA3733A27EC507300A885B0 /* Debug */,
				2AA3733B27EC507300A885B0 /* Release */,
			);
			defaultConfigurationIsVisible = 0;
			defaultConfigurationName = Release;
		};
/* End XCConfigurationList section */

/* Begin XCRemoteSwiftPackageReference section */
		2A27AB8B27F5BB0A004AF6F3 /* XCRemoteSwiftPackageReference "firebase-ios-sdk" */ = {
			isa = XCRemoteSwiftPackageReference;
			repositoryURL = "https://github.com/firebase/firebase-ios-sdk";
			requirement = {
				branch = master;
				kind = branch;
			};
		};
		2A97B8D5282565E8002EC14D /* XCRemoteSwiftPackageReference "purchases-ios" */ = {
			isa = XCRemoteSwiftPackageReference;
			repositoryURL = "https://github.com/RevenueCat/purchases-ios.git";
			requirement = {
				branch = main;
				kind = branch;
			};
		};
/* End XCRemoteSwiftPackageReference section */

/* Begin XCSwiftPackageProductDependency section */
		2A27AB8C27F5BB0A004AF6F3 /* FirebaseAuth */ = {
			isa = XCSwiftPackageProductDependency;
			package = 2A27AB8B27F5BB0A004AF6F3 /* XCRemoteSwiftPackageReference "firebase-ios-sdk" */;
			productName = FirebaseAuth;
		};
		2A27AB8E27F5BB0A004AF6F3 /* FirebaseFirestore */ = {
			isa = XCSwiftPackageProductDependency;
			package = 2A27AB8B27F5BB0A004AF6F3 /* XCRemoteSwiftPackageReference "firebase-ios-sdk" */;
			productName = FirebaseFirestore;
		};
		2A97B8D6282565E9002EC14D /* RevenueCat */ = {
			isa = XCSwiftPackageProductDependency;
			package = 2A97B8D5282565E8002EC14D /* XCRemoteSwiftPackageReference "purchases-ios" */;
			productName = RevenueCat;
		};
/* End XCSwiftPackageProductDependency section */
	};
	rootObject = 2AA3732327EC507200A885B0 /* Project object */;
}
